
Microsoft Visual Studio Solution File, Format Version 12.00
# Visual Studio Version 16
VisualStudioVersion = 16.0.29503.13
MinimumVisualStudioVersion = 10.0.40219.1
Project("{FAE04EC0-301F-11D3-BF4B-00C04F79EFBC}") = "TurnSignals", "TurnSignals\TurnSignals.csproj", "{AD7EF692-7B81-4586-A6EF-AE7FD31E89DD}"
EndProject
Global
	GlobalSection(SolutionConfigurationPlatforms) = preSolution
		Debug|Any CPU = Debug|Any CPU
		Release|Any CPU = Release|Any CPU
	EndGlobalSection
	GlobalSection(ProjectConfigurationPlatforms) = postSolution
		{AD7EF692-7B81-4586-A6EF-AE7FD31E89DD}.Debug|Any CPU.ActiveCfg = Debug|Any CPU
		{AD7EF692-7B81-4586-A6EF-AE7FD31E89DD}.Debug|Any CPU.Build.0 = Debug|Any CPU
		{AD7EF692-7B81-4586-A6EF-AE7FD31E89DD}.Release|Any CPU.ActiveCfg = Release|Any CPU
		{AD7EF692-7B81-4586-A6EF-AE7FD31E89DD}.Release|Any CPU.Build.0 = Release|Any CPU
	EndGlobalSection
	GlobalSection(SolutionProperties) = preSolution
		HideSolutionNode = FALSE
	EndGlobalSection
	GlobalSection(ExtensibilityGlobals) = postSolution
		SolutionGuid = {D5181D95-2017-405E-AFED-944791D0989B}
	EndGlobalSection
EndGlobal
